
Microsoft Visual Studio Solution File, Format Version 12.00
# Visual Studio Version 17
VisualStudioVersion = 17.14.36616.10
MinimumVisualStudioVersion = 10.0.40219.1
Project("{FAE04EC0-301F-11D3-BF4B-00C04F79EFBC}") = "Chatter.API", "..\src\Chatter.API\Chatter.API.csproj", "{9A346C92-D01E-8883-D06F-98044A62E6E2}"
EndProject
Project("{FAE04EC0-301F-11D3-BF4B-00C04F79EFBC}") = "Chatter.Domain", "..\src\Chatter.Domain\Chatter.Domain.csproj", "{BD5D3FB4-A25D-2B55-8A1E-90424A912EB6}"
EndProject
Project("{FAE04EC0-301F-11D3-BF4B-00C04F79EFBC}") = "Chatter.Application", "..\src\Chatter.Application\Chatter.Application.csproj", "{23D6D929-8C87-49D8-8596-2A9131EA4A8A}"
EndProject
Project("{FAE04EC0-301F-11D3-BF4B-00C04F79EFBC}") = "Chatter.Infrastructure", "..\src\Chatter.Infrastructure\Chatter.Infrastructure.csproj", "{BF6ACE0A-3BCB-4429-A1F3-D3948F52C937}"
EndProject
Global
	GlobalSection(SolutionConfigurationPlatforms) = preSolution
		Debug|Any CPU = Debug|Any CPU
		Debug|x64 = Debug|x64
		Debug|x86 = Debug|x86
		Release|Any CPU = Release|Any CPU
		Release|x64 = Release|x64
		Release|x86 = Release|x86
	EndGlobalSection
	GlobalSection(ProjectConfigurationPlatforms) = postSolution
		{9A346C92-D01E-8883-D06F-98044A62E6E2}.Debug|Any CPU.ActiveCfg = Debug|Any CPU
		{9A346C92-D01E-8883-D06F-98044A62E6E2}.Debug|Any CPU.Build.0 = Debug|Any CPU
		{9A346C92-D01E-8883-D06F-98044A62E6E2}.Debug|x64.ActiveCfg = Debug|Any CPU
		{9A346C92-D01E-8883-D06F-98044A62E6E2}.Debug|x64.Build.0 = Debug|Any CPU
		{9A346C92-D01E-8883-D06F-98044A62E6E2}.Debug|x86.ActiveCfg = Debug|Any CPU
		{9A346C92-D01E-8883-D06F-98044A62E6E2}.Debug|x86.Build.0 = Debug|Any CPU
		{9A346C92-D01E-8883-D06F-98044A62E6E2}.Release|Any CPU.ActiveCfg = Release|Any CPU
		{9A346C92-D01E-8883-D06F-98044A62E6E2}.Release|Any CPU.Build.0 = Release|Any CPU
		{9A346C92-D01E-8883-D06F-98044A62E6E2}.Release|x64.ActiveCfg = Release|Any CPU
		{9A346C92-D01E-8883-D06F-98044A62E6E2}.Release|x64.Build.0 = Release|Any CPU
		{9A346C92-D01E-8883-D06F-98044A62E6E2}.Release|x86.ActiveCfg = Release|Any CPU
		{9A346C92-D01E-8883-D06F-98044A62E6E2}.Release|x86.Build.0 = Release|Any CPU
		{BD5D3FB4-A25D-2B55-8A1E-90424A912EB6}.Debug|Any CPU.ActiveCfg = Debug|Any CPU
		{BD5D3FB4-A25D-2B55-8A1E-90424A912EB6}.Debug|Any CPU.Build.0 = Debug|Any CPU
		{BD5D3FB4-A25D-2B55-8A1E-90424A912EB6}.Debug|x64.ActiveCfg = Debug|Any CPU
		{BD5D3FB4-A25D-2B55-8A1E-90424A912EB6}.Debug|x64.Build.0 = Debug|Any CPU
		{BD5D3FB4-A25D-2B55-8A1E-90424A912EB6}.Debug|x86.ActiveCfg = Debug|Any CPU
		{BD5D3FB4-A25D-2B55-8A1E-90424A912EB6}.Debug|x86.Build.0 = Debug|Any CPU
		{BD5D3FB4-A25D-2B55-8A1E-90424A912EB6}.Release|Any CPU.ActiveCfg = Release|Any CPU
		{BD5D3FB4-A25D-2B55-8A1E-90424A912EB6}.Release|Any CPU.Build.0 = Release|Any CPU
		{BD5D3FB4-A25D-2B55-8A1E-90424A912EB6}.Release|x64.ActiveCfg = Release|Any CPU
		{BD5D3FB4-A25D-2B55-8A1E-90424A912EB6}.Release|x64.Build.0 = Release|Any CPU
		{BD5D3FB4-A25D-2B55-8A1E-90424A912EB6}.Release|x86.ActiveCfg = Release|Any CPU
		{BD5D3FB4-A25D-2B55-8A1E-90424A912EB6}.Release|x86.Build.0 = Release|Any CPU
		{23D6D929-8C87-49D8-8596-2A9131EA4A8A}.Debug|Any CPU.ActiveCfg = Debug|Any CPU
		{23D6D929-8C87-49D8-8596-2A9131EA4A8A}.Debug|Any CPU.Build.0 = Debug|Any CPU
		{23D6D929-8C87-49D8-8596-2A9131EA4A8A}.Debug|x64.ActiveCfg = Debug|Any CPU
		{23D6D929-8C87-49D8-8596-2A9131EA4A8A}.Debug|x64.Build.0 = Debug|Any CPU
		{23D6D929-8C87-49D8-8596-2A9131EA4A8A}.Debug|x86.ActiveCfg = Debug|Any CPU
		{23D6D929-8C87-49D8-8596-2A9131EA4A8A}.Debug|x86.Build.0 = Debug|Any CPU
		{23D6D929-8C87-49D8-8596-2A9131EA4A8A}.Release|Any CPU.ActiveCfg = Release|Any CPU
		{23D6D929-8C87-49D8-8596-2A9131EA4A8A}.Release|Any CPU.Build.0 = Release|Any CPU
		{23D6D929-8C87-49D8-8596-2A9131EA4A8A}.Release|x64.ActiveCfg = Release|Any CPU
		{23D6D929-8C87-49D8-8596-2A9131EA4A8A}.Release|x64.Build.0 = Release|Any CPU
		{23D6D929-8C87-49D8-8596-2A9131EA4A8A}.Release|x86.ActiveCfg = Release|Any CPU
		{23D6D929-8C87-49D8-8596-2A9131EA4A8A}.Release|x86.Build.0 = Release|Any CPU
		{BF6ACE0A-3BCB-4429-A1F3-D3948F52C937}.Debug|Any CPU.ActiveCfg = Debug|Any CPU
		{BF6ACE0A-3BCB-4429-A1F3-D3948F52C937}.Debug|Any CPU.Build.0 = Debug|Any CPU
		{BF6ACE0A-3BCB-4429-A1F3-D3948F52C937}.Debug|x64.ActiveCfg = Debug|Any CPU
		{BF6ACE0A-3BCB-4429-A1F3-D3948F52C937}.Debug|x64.Build.0 = Debug|Any CPU
		{BF6ACE0A-3BCB-4429-A1F3-D3948F52C937}.Debug|x86.ActiveCfg = Debug|Any CPU
		{BF6ACE0A-3BCB-4429-A1F3-D3948F52C937}.Debug|x86.Build.0 = Debug|Any CPU
		{BF6ACE0A-3BCB-4429-A1F3-D3948F52C937}.Release|Any CPU.ActiveCfg = Release|Any CPU
		{BF6ACE0A-3BCB-4429-A1F3-D3948F52C937}.Release|Any CPU.Build.0 = Release|Any CPU
		{BF6ACE0A-3BCB-4429-A1F3-D3948F52C937}.Release|x64.ActiveCfg = Release|Any CPU
		{BF6ACE0A-3BCB-4429-A1F3-D3948F52C937}.Release|x64.Build.0 = Release|Any CPU
		{BF6ACE0A-3BCB-4429-A1F3-D3948F52C937}.Release|x86.ActiveCfg = Release|Any CPU
		{BF6ACE0A-3BCB-4429-A1F3-D3948F52C937}.Release|x86.Build.0 = Release|Any CPU
	EndGlobalSection
	GlobalSection(SolutionProperties) = preSolution
		HideSolutionNode = FALSE
	EndGlobalSection
	GlobalSection(ExtensibilityGlobals) = postSolution
		SolutionGuid = {F6079B55-6AA7-49A9-9D88-53ABC9843BAB}
	EndGlobalSection
EndGlobal
